// !$*UTF8*$!
{
	archiveVersion = 1;
	classes = {
	};
	objectVersion = 50;
	objects = {

/* Begin PBXBuildFile section */
		224E76492149F12000D663B9 /* DottedLineView.swift in Sources */ = {isa = PBXBuildFile; fileRef = 224E76482149F11F00D663B9 /* DottedLineView.swift */; };
		229989832135DED000F4B09F /* AppDelegate.swift in Sources */ = {isa = PBXBuildFile; fileRef = 229989822135DED000F4B09F /* AppDelegate.swift */; };
		229989852135DED000F4B09F /* ViewController.swift in Sources */ = {isa = PBXBuildFile; fileRef = 229989842135DED000F4B09F /* ViewController.swift */; };
		229989882135DED000F4B09F /* Main.storyboard in Resources */ = {isa = PBXBuildFile; fileRef = 229989862135DED000F4B09F /* Main.storyboard */; };
		2299898A2135DED100F4B09F /* Assets.xcassets in Resources */ = {isa = PBXBuildFile; fileRef = 229989892135DED100F4B09F /* Assets.xcassets */; };
		2299898D2135DED100F4B09F /* LaunchScreen.storyboard in Resources */ = {isa = PBXBuildFile; fileRef = 2299898B2135DED100F4B09F /* LaunchScreen.storyboard */; };
		229989952135DFA200F4B09F /* BaseViewController.swift in Sources */ = {isa = PBXBuildFile; fileRef = 229989942135DFA200F4B09F /* BaseViewController.swift */; };
		229989972135DFE900F4B09F /* ViewControllerA.swift in Sources */ = {isa = PBXBuildFile; fileRef = 229989962135DFE900F4B09F /* ViewControllerA.swift */; };
		229989992135DFF200F4B09F /* ViewControllerB.swift in Sources */ = {isa = PBXBuildFile; fileRef = 229989982135DFF200F4B09F /* ViewControllerB.swift */; };
		2299899B2135DFFD00F4B09F /* ViewControllerC.swift in Sources */ = {isa = PBXBuildFile; fileRef = 2299899A2135DFFD00F4B09F /* ViewControllerC.swift */; };
		2299899D2135E83300F4B09F /* ViewControllerD.swift in Sources */ = {isa = PBXBuildFile; fileRef = 2299899C2135E83300F4B09F /* ViewControllerD.swift */; };
		2299899F2135EA6C00F4B09F /* ViewControllerE.swift in Sources */ = {isa = PBXBuildFile; fileRef = 2299899E2135EA6C00F4B09F /* ViewControllerE.swift */; };
/* End PBXBuildFile section */

/* Begin PBXFileReference section */
		224E76482149F11F00D663B9 /* DottedLineView.swift */ = {isa = PBXFileReference; fileEncoding = 4; lastKnownFileType = sourcecode.swift; path = DottedLineView.swift; sourceTree = "<group>"; };
		2299897F2135DED000F4B09F /* ARC.app */ = {isa = PBXFileReference; explicitFileType = wrapper.application; includeInIndex = 0; path = ARC.app; sourceTree = BUILT_PRODUCTS_DIR; };
		229989822135DED000F4B09F /* AppDelegate.swift */ = {isa = PBXFileReference; lastKnownFileType = sourcecode.swift; path = AppDelegate.swift; sourceTree = "<group>"; };
		229989842135DED000F4B09F /* ViewController.swift */ = {isa = PBXFileReference; lastKnownFileType = sourcecode.swift; path = ViewController.swift; sourceTree = "<group>"; };
		229989872135DED000F4B09F /* Base */ = {isa = PBXFileReference; lastKnownFileType = file.storyboard; name = Base; path = Base.lproj/Main.storyboard; sourceTree = "<group>"; };
		229989892135DED100F4B09F /* Assets.xcassets */ = {isa = PBXFileReference; lastKnownFileType = folder.assetcatalog; path = Assets.xcassets; sourceTree = "<group>"; };
		2299898C2135DED100F4B09F /* Base */ = {isa = PBXFileReference; lastKnownFileType = file.storyboard; name = Base; path = Base.lproj/LaunchScreen.storyboard; sourceTree = "<group>"; };
		2299898E2135DED100F4B09F /* Info.plist */ = {isa = PBXFileReference; lastKnownFileType = text.plist.xml; path = Info.plist; sourceTree = "<group>"; };
		229989942135DFA200F4B09F /* BaseViewController.swift */ = {isa = PBXFileReference; lastKnownFileType = sourcecode.swift; path = BaseViewController.swift; sourceTree = "<group>"; };
		229989962135DFE900F4B09F /* ViewControllerA.swift */ = {isa = PBXFileReference; lastKnownFileType = sourcecode.swift; path = ViewControllerA.swift; sourceTree = "<group>"; };
		229989982135DFF200F4B09F /* ViewControllerB.swift */ = {isa = PBXFileReference; lastKnownFileType = sourcecode.swift; path = ViewControllerB.swift; sourceTree = "<group>"; };
		2299899A2135DFFD00F4B09F /* ViewControllerC.swift */ = {isa = PBXFileReference; lastKnownFileType = sourcecode.swift; path = ViewControllerC.swift; sourceTree = "<group>"; };
		2299899C2135E83300F4B09F /* ViewControllerD.swift */ = {isa = PBXFileReference; lastKnownFileType = sourcecode.swift; path = ViewControllerD.swift; sourceTree = "<group>"; };
		2299899E2135EA6C00F4B09F /* ViewControllerE.swift */ = {isa = PBXFileReference; lastKnownFileType = sourcecode.swift; path = ViewControllerE.swift; sourceTree = "<group>"; };
/* End PBXFileReference section */

/* Begin PBXFrameworksBuildPhase section */
		2299897C2135DED000F4B09F /* Frameworks */ = {
			isa = PBXFrameworksBuildPhase;
			buildActionMask = 2147483647;
			files = (
			);
			runOnlyForDeploymentPostprocessing = 0;
		};
/* End PBXFrameworksBuildPhase section */

/* Begin PBXGroup section */
		229989762135DED000F4B09F = {
			isa = PBXGroup;
			children = (
				229989812135DED000F4B09F /* ARC */,
				229989802135DED000F4B09F /* Products */,
			);
			sourceTree = "<group>";
		};
		229989802135DED000F4B09F /* Products */ = {
			isa = PBXGroup;
			children = (
				2299897F2135DED000F4B09F /* ARC.app */,
			);
			name = Products;
			sourceTree = "<group>";
		};
		229989812135DED000F4B09F /* ARC */ = {
			isa = PBXGroup;
			children = (
				229989822135DED000F4B09F /* AppDelegate.swift */,
				229989842135DED000F4B09F /* ViewController.swift */,
				229989942135DFA200F4B09F /* BaseViewController.swift */,
				229989962135DFE900F4B09F /* ViewControllerA.swift */,
				229989982135DFF200F4B09F /* ViewControllerB.swift */,
				2299899A2135DFFD00F4B09F /* ViewControllerC.swift */,
				2299899C2135E83300F4B09F /* ViewControllerD.swift */,
				2299899E2135EA6C00F4B09F /* ViewControllerE.swift */,
				224E76482149F11F00D663B9 /* DottedLineView.swift */,
				229989862135DED000F4B09F /* Main.storyboard */,
				229989892135DED100F4B09F /* Assets.xcassets */,
				2299898B2135DED100F4B09F /* LaunchScreen.storyboard */,
				2299898E2135DED100F4B09F /* Info.plist */,
			);
			path = ARC;
			sourceTree = "<group>";
		};
/* End PBXGroup section */

/* Begin PBXNativeTarget section */
		2299897E2135DED000F4B09F /* ARC */ = {
			isa = PBXNativeTarget;
			buildConfigurationList = 229989912135DED100F4B09F /* Build configuration list for PBXNativeTarget "ARC" */;
			buildPhases = (
				2299897B2135DED000F4B09F /* Sources */,
				2299897C2135DED000F4B09F /* Frameworks */,
				2299897D2135DED000F4B09F /* Resources */,
			);
			buildRules = (
			);
			dependencies = (
			);
			name = ARC;
			productName = ARC;
			productReference = 2299897F2135DED000F4B09F /* ARC.app */;
			productType = "com.apple.product-type.application";
		};
/* End PBXNativeTarget section */

/* Begin PBXProject section */
		229989772135DED000F4B09F /* Project object */ = {
			isa = PBXProject;
			attributes = {
				LastSwiftUpdateCheck = 0940;
				LastUpgradeCheck = 0940;
				ORGANIZATIONNAME = "William Peroche";
				TargetAttributes = {
					2299897E2135DED000F4B09F = {
						CreatedOnToolsVersion = 9.4.1;
					};
				};
			};
			buildConfigurationList = 2299897A2135DED000F4B09F /* Build configuration list for PBXProject "ARC" */;
			compatibilityVersion = "Xcode 9.3";
			developmentRegion = en;
			hasScannedForEncodings = 0;
			knownRegions = (
				en,
				Base,
			);
			mainGroup = 229989762135DED000F4B09F;
			productRefGroup = 229989802135DED000F4B09F /* Products */;
			projectDirPath = "";
			projectRoot = "";
			targets = (
				2299897E2135DED000F4B09F /* ARC */,
			);
		};
/* End PBXProject section */

/* Begin PBXResourcesBuildPhase section */
		2299897D2135DED000F4B09F /* Resources */ = {
			isa = PBXResourcesBuildPhase;
			buildActionMask = 2147483647;
			files = (
				2299898D2135DED100F4B09F /* LaunchScreen.storyboard in Resources */,
				2299898A2135DED100F4B09F /* Assets.xcassets in Resources */,
				229989882135DED000F4B09F /* Main.storyboard in Resources */,
			);
			runOnlyForDeploymentPostprocessing = 0;
		};
/* End PBXResourcesBuildPhase section */

/* Begin PBXSourcesBuildPhase section */
		2299897B2135DED000F4B09F /* Sources */ = {
			isa = PBXSourcesBuildPhase;
			buildActionMask = 2147483647;
			files = (
				2299899B2135DFFD00F4B09F /* ViewControllerC.swift in Sources */,
				229989972135DFE900F4B09F /* ViewControllerA.swift in Sources */,
				2299899D2135E83300F4B09F /* ViewControllerD.swift in Sources */,
				229989852135DED000F4B09F /* ViewController.swift in Sources */,
				2299899F2135EA6C00F4B09F /* ViewControllerE.swift in Sources */,
				229989992135DFF200F4B09F /* ViewControllerB.swift in Sources */,
				224E76492149F12000D663B9 /* DottedLineView.swift in Sources */,
				229989832135DED000F4B09F /* AppDelegate.swift in Sources */,
				229989952135DFA200F4B09F /* BaseViewController.swift in Sources */,
			);
			runOnlyForDeploymentPostprocessing = 0;
		};
/* End PBXSourcesBuildPhase section */

/* Begin PBXVariantGroup section */
		229989862135DED000F4B09F /* Main.storyboard */ = {
			isa = PBXVariantGroup;
			children = (
				229989872135DED000F4B09F /* Base */,
			);
			name = Main.storyboard;
			sourceTree = "<group>";
		};
		2299898B2135DED100F4B09F /* LaunchScreen.storyboard */ = {
			isa = PBXVariantGroup;
			children = (
				2299898C2135DED100F4B09F /* Base */,
			);
			name = LaunchScreen.storyboard;
			sourceTree = "<group>";
		};
/* End PBXVariantGroup section */

/* Begin XCBuildConfiguration section */
		2299898F2135DED100F4B09F /* Debug */ = {
			isa = XCBuildConfiguration;
			buildSettings = {
				ALWAYS_SEARCH_USER_PATHS = NO;
				CLANG_ANALYZER_NONNULL = YES;
				CLANG_ANALYZER_NUMBER_OBJECT_CONVERSION = YES_AGGRESSIVE;
				CLANG_CXX_LANGUAGE_STANDARD = "gnu++14";
				CLANG_CXX_LIBRARY = "libc++";
				CLANG_ENABLE_MODULES = YES;
				CLANG_ENABLE_OBJC_ARC = YES;
				CLANG_ENABLE_OBJC_WEAK = YES;
				CLANG_WARN_BLOCK_CAPTURE_AUTORELEASING = YES;
				CLANG_WARN_BOOL_CONVERSION = YES;
				CLANG_WARN_COMMA = YES;
				CLANG_WARN_CONSTANT_CONVERSION = YES;
				CLANG_WARN_DEPRECATED_OBJC_IMPLEMENTATIONS = YES;
				CLANG_WARN_DIRECT_OBJC_ISA_USAGE = YES_ERROR;
				CLANG_WARN_DOCUMENTATION_COMMENTS = YES;
				CLANG_WARN_EMPTY_BODY = YES;
				CLANG_WARN_ENUM_CONVERSION = YES;
				CLANG_WARN_INFINITE_RECURSION = YES;
				CLANG_WARN_INT_CONVERSION = YES;
				CLANG_WARN_NON_LITERAL_NULL_CONVERSION = YES;
				CLANG_WARN_OBJC_IMPLICIT_RETAIN_SELF = YES;
				CLANG_WARN_OBJC_LITERAL_CONVERSION = YES;
				CLANG_WARN_OBJC_ROOT_CLASS = YES_ERROR;
				CLANG_WARN_RANGE_LOOP_ANALYSIS = YES;
				CLANG_WARN_STRICT_PROTOTYPES = YES;
				CLANG_WARN_SUSPICIOUS_MOVE = YES;
				CLANG_WARN_UNGUARDED_AVAILABILITY = YES_AGGRESSIVE;
				CLANG_WARN_UNREACHABLE_CODE = YES;
				CLANG_WARN__DUPLICATE_METHOD_MATCH = YES;
				CODE_SIGN_IDENTITY = "iPhone Developer";
				COPY_PHASE_STRIP = NO;
				DEBUG_INFORMATION_FORMAT = dwarf;
				ENABLE_STRICT_OBJC_MSGSEND = YES;
				ENABLE_TESTABILITY = YES;
				GCC_C_LANGUAGE_STANDARD = gnu11;
				GCC_DYNAMIC_NO_PIC = NO;
				GCC_NO_COMMON_BLOCKS = YES;
				GCC_OPTIMIZATION_LEVEL = 0;
				GCC_PREPROCESSOR_DEFINITIONS = (
					"DEBUG=1",
					"$(inherited)",
				);
				GCC_WARN_64_TO_32_BIT_CONVERSION = YES;
				GCC_WARN_ABOUT_RETURN_TYPE = YES_ERROR;
				GCC_WARN_UNDECLARED_SELECTOR = YES;
				GCC_WARN_UNINITIALIZED_AUTOS = YES_AGGRESSIVE;
				GCC_WARN_UNUSED_FUNCTION = YES;
				GCC_WARN_UNUSED_VARIABLE = YES;
				IPHONEOS_DEPLOYMENT_TARGET = 11.4;
				MTL_ENABLE_DEBUG_INFO = YES;
				ONLY_ACTIVE_ARCH = YES;
				SDKROOT = iphoneos;
				SWIFT_ACTIVE_COMPILATION_CONDITIONS = DEBUG;
				SWIFT_OPTIMIZATION_LEVEL = "-Onone";
			};
			name = Debug;
		};
		229989902135DED100F4B09F /* Release */ = {
			isa = XCBuildConfiguration;
			buildSettings = {
				ALWAYS_SEARCH_USER_PATHS = NO;
				CLANG_ANALYZER_NONNULL = YES;
				CLANG_ANALYZER_NUMBER_OBJECT_CONVERSION = YES_AGGRESSIVE;
				CLANG_CXX_LANGUAGE_STANDARD = "gnu++14";
				CLANG_CXX_LIBRARY = "libc++";
				CLANG_ENABLE_MODULES = YES;
				CLANG_ENABLE_OBJC_ARC = YES;
				CLANG_ENABLE_OBJC_WEAK = YES;
				CLANG_WARN_BLOCK_CAPTURE_AUTORELEASING = YES;
				CLANG_WARN_BOOL_CONVERSION = YES;
				CLANG_WARN_COMMA = YES;
				CLANG_WARN_CONSTANT_CONVERSION = YES;
				CLANG_WARN_DEPRECATED_OBJC_IMPLEMENTATIONS = YES;
				CLANG_WARN_DIRECT_OBJC_ISA_USAGE = YES_ERROR;
				CLANG_WARN_DOCUMENTATION_COMMENTS = YES;
				CLANG_WARN_EMPTY_BODY = YES;
				CLANG_WARN_ENUM_CONVERSION = YES;
				CLANG_WARN_INFINITE_RECURSION = YES;
				CLANG_WARN_INT_CONVERSION = YES;
				CLANG_WARN_NON_LITERAL_NULL_CONVERSION = YES;
				CLANG_WARN_OBJC_IMPLICIT_RETAIN_SELF = YES;
				CLANG_WARN_OBJC_LITERAL_CONVERSION = YES;
				CLANG_WARN_OBJC_ROOT_CLASS = YES_ERROR;
				CLANG_WARN_RANGE_LOOP_ANALYSIS = YES;
				CLANG_WARN_STRICT_PROTOTYPES = YES;
				CLANG_WARN_SUSPICIOUS_MOVE = YES;
				CLANG_WARN_UNGUARDED_AVAILABILITY = YES_AGGRESSIVE;
				CLANG_WARN_UNREACHABLE_CODE = YES;
				CLANG_WARN__DUPLICATE_METHOD_MATCH = YES;
				CODE_SIGN_IDENTITY = "iPhone Developer";
				COPY_PHASE_STRIP = NO;
				DEBUG_INFORMATION_FORMAT = "dwarf-with-dsym";
				ENABLE_NS_ASSERTIONS = NO;
				ENABLE_STRICT_OBJC_MSGSEND = YES;
				GCC_C_LANGUAGE_STANDARD = gnu11;
				GCC_NO_COMMON_BLOCKS = YES;
				GCC_WARN_64_TO_32_BIT_CONVERSION = YES;
				GCC_WARN_ABOUT_RETURN_TYPE = YES_ERROR;
				GCC_WARN_UNDECLARED_SELECTOR = YES;
				GCC_WARN_UNINITIALIZED_AUTOS = YES_AGGRESSIVE;
				GCC_WARN_UNUSED_FUNCTION = YES;
				GCC_WARN_UNUSED_VARIABLE = YES;
				IPHONEOS_DEPLOYMENT_TARGET = 11.4;
				MTL_ENABLE_DEBUG_INFO = NO;
				SDKROOT = iphoneos;
				SWIFT_COMPILATION_MODE = wholemodule;
				SWIFT_OPTIMIZATION_LEVEL = "-O";
				VALIDATE_PRODUCT = YES;
			};
			name = Release;
		};
		229989922135DED100F4B09F /* Debug */ = {
			isa = XCBuildConfiguration;
			buildSettings = {
				ASSETCATALOG_COMPILER_APPICON_NAME = AppIcon;
				CODE_SIGN_STYLE = Automatic;
				INFOPLIST_FILE = ARC/Info.plist;
				LD_RUNPATH_SEARCH_PATHS = (
					"$(inherited)",
					"@executable_path/Frameworks",
				);
				PRODUCT_BUNDLE_IDENTIFIER = com.test.ARC;
				PRODUCT_NAME = "$(TARGET_NAME)";
				SWIFT_VERSION = 4.0;
				TARGETED_DEVICE_FAMILY = "1,2";
			};
			name = Debug;
		};
		229989932135DED100F4B09F /* Release */ = {
			isa = XCBuildConfiguration;
			buildSettings = {
				ASSETCATALOG_COMPILER_APPICON_NAME = AppIcon;
				CODE_SIGN_STYLE = Automatic;
				INFOPLIST_FILE = ARC/Info.plist;
				LD_RUNPATH_SEARCH_PATHS = (
					"$(inherited)",
					"@executable_path/Frameworks",
				);
				PRODUCT_BUNDLE_IDENTIFIER = com.test.ARC;
				PRODUCT_NAME = "$(TARGET_NAME)";
				SWIFT_VERSION = 4.0;
				TARGETED_DEVICE_FAMILY = "1,2";
			};
			name = Release;
		};
/* End XCBuildConfiguration section */

/* Begin XCConfigurationList section */
		2299897A2135DED000F4B09F /* Build configuration list for PBXProject "ARC" */ = {
			isa = XCConfigurationList;
			buildConfigurations = (
				2299898F2135DED100F4B09F /* Debug */,
				229989902135DED100F4B09F /* Release */,
			);
			defaultConfigurationIsVisible = 0;
			defaultConfigurationName = Release;
		};
		229989912135DED100F4B09F /* Build configuration list for PBXNativeTarget "ARC" */ = {
			isa = XCConfigurationList;
			buildConfigurations = (
				229989922135DED100F4B09F /* Debug */,
				229989932135DED100F4B09F /* Release */,
			);
			defaultConfigurationIsVisible = 0;
			defaultConfigurationName = Release;
		};
/* End XCConfigurationList section */
	};
	rootObject = 229989772135DED000F4B09F /* Project object */;
}
